
Microsoft Visual Studio Solution File, Format Version 12.00
# Visual Studio Version 16
VisualStudioVersion = 16.0.29424.173
MinimumVisualStudioVersion = 10.0.40219.1
Project("{9A19103F-16F7-4668-BE54-9A1E7A4F7556}") = "WalkWithMe_ImageService", "WalkWithMe_WebServices\WalkWithMe_ImageService.csproj", "{AD14A65D-4D90-41D8-945B-7B6758EBFF3C}"
EndProject
Project("{9A19103F-16F7-4668-BE54-9A1E7A4F7556}") = "WalkWithMe_UserService", "WalkWithMe_UserService\WalkWithMe_UserService.csproj", "{49B2E0F8-91C2-40C4-B808-722A6E1A56CA}"
EndProject
Project("{9A19103F-16F7-4668-BE54-9A1E7A4F7556}") = "API_Gateway", "API_Gateway\API_Gateway.csproj", "{718B8906-CE59-44E0-9CC4-2121B9701811}"
EndProject
Global
	GlobalSection(SolutionConfigurationPlatforms) = preSolution
		Debug|Any CPU = Debug|Any CPU
		Release|Any CPU = Release|Any CPU
	EndGlobalSection
	GlobalSection(ProjectConfigurationPlatforms) = postSolution
		{AD14A65D-4D90-41D8-945B-7B6758EBFF3C}.Debug|Any CPU.ActiveCfg = Debug|Any CPU
		{AD14A65D-4D90-41D8-945B-7B6758EBFF3C}.Debug|Any CPU.Build.0 = Debug|Any CPU
		{AD14A65D-4D90-41D8-945B-7B6758EBFF3C}.Release|Any CPU.ActiveCfg = Release|Any CPU
		{AD14A65D-4D90-41D8-945B-7B6758EBFF3C}.Release|Any CPU.Build.0 = Release|Any CPU
		{49B2E0F8-91C2-40C4-B808-722A6E1A56CA}.Debug|Any CPU.ActiveCfg = Debug|Any CPU
		{49B2E0F8-91C2-40C4-B808-722A6E1A56CA}.Debug|Any CPU.Build.0 = Debug|Any CPU
		{49B2E0F8-91C2-40C4-B808-722A6E1A56CA}.Release|Any CPU.ActiveCfg = Release|Any CPU
		{49B2E0F8-91C2-40C4-B808-722A6E1A56CA}.Release|Any CPU.Build.0 = Release|Any CPU
		{718B8906-CE59-44E0-9CC4-2121B9701811}.Debug|Any CPU.ActiveCfg = Debug|Any CPU
		{718B8906-CE59-44E0-9CC4-2121B9701811}.Debug|Any CPU.Build.0 = Debug|Any CPU
		{718B8906-CE59-44E0-9CC4-2121B9701811}.Release|Any CPU.ActiveCfg = Release|Any CPU
		{718B8906-CE59-44E0-9CC4-2121B9701811}.Release|Any CPU.Build.0 = Release|Any CPU
	EndGlobalSection
	GlobalSection(SolutionProperties) = preSolution
		HideSolutionNode = FALSE
	EndGlobalSection
	GlobalSection(ExtensibilityGlobals) = postSolution
		SolutionGuid = {E1ECB81E-7FE2-415B-A920-7C5599B01B17}
	EndGlobalSection
EndGlobal
